
Microsoft Visual Studio Solution File, Format Version 12.00
# Visual Studio Version 16
VisualStudioVersion = 16.0.31424.327
MinimumVisualStudioVersion = 10.0.40219.1
Project("{FAE04EC0-301F-11D3-BF4B-00C04F79EFBC}") = "ServiceA", "ServiceA\ServiceA.csproj", "{B47A7E0A-8437-4E9D-BC33-F51247BB6575}"
EndProject
Global
	GlobalSection(SolutionConfigurationPlatforms) = preSolution
		Debug|Any CPU = Debug|Any CPU
		Release|Any CPU = Release|Any CPU
	EndGlobalSection
	GlobalSection(ProjectConfigurationPlatforms) = postSolution
		{B47A7E0A-8437-4E9D-BC33-F51247BB6575}.Debug|Any CPU.ActiveCfg = Debug|Any CPU
		{B47A7E0A-8437-4E9D-BC33-F51247BB6575}.Debug|Any CPU.Build.0 = Debug|Any CPU
		{B47A7E0A-8437-4E9D-BC33-F51247BB6575}.Release|Any CPU.ActiveCfg = Release|Any CPU
		{B47A7E0A-8437-4E9D-BC33-F51247BB6575}.Release|Any CPU.Build.0 = Release|Any CPU
	EndGlobalSection
	GlobalSection(SolutionProperties) = preSolution
		HideSolutionNode = FALSE
	EndGlobalSection
	GlobalSection(ExtensibilityGlobals) = postSolution
		SolutionGuid = {034249B2-24D6-41AD-9D38-86F0574C5130}
	EndGlobalSection
EndGlobal
